GEM
  remote: https://rubygems.org/
  specs:
    jasmine (2.4.0)
      jasmine-core (~> 2.4)
      phantomjs
      rack (>= 1.2.1)
      rake
    jasmine-core (2.4.1)
    phantomjs (2.1.1.0)
    rack (1.6.4)
    rake (10.5.0)

PLATFORMS
  ruby

DEPENDENCIES
  jasmine (~> 2.4)
  rake

BUNDLED WITH
   1.11.2
